
Microsoft Visual Studio Solution File, Format Version 12.00
# Visual Studio Version 17
VisualStudioVersion = 17.9.34518.117
MinimumVisualStudioVersion = 10.0.40219.1
Project("{FAE04EC0-301F-11D3-BF4B-00C04F79EFBC}") = "Jotocca.API", "Jotocca.API\Jotocca.API.csproj", "{9AC6BAE6-3787-48CD-B430-D148A5920881}"
EndProject
Global
	GlobalSection(SolutionConfigurationPlatforms) = preSolution
		Debug|Any CPU = Debug|Any CPU
		Release|Any CPU = Release|Any CPU
	EndGlobalSection
	GlobalSection(ProjectConfigurationPlatforms) = postSolution
		{9AC6BAE6-3787-48CD-B430-D148A5920881}.Debug|Any CPU.ActiveCfg = Debug|Any CPU
		{9AC6BAE6-3787-48CD-B430-D148A5920881}.Debug|Any CPU.Build.0 = Debug|Any CPU
		{9AC6BAE6-3787-48CD-B430-D148A5920881}.Release|Any CPU.ActiveCfg = Release|Any CPU
		{9AC6BAE6-3787-48CD-B430-D148A5920881}.Release|Any CPU.Build.0 = Release|Any CPU
	EndGlobalSection
	GlobalSection(SolutionProperties) = preSolution
		HideSolutionNode = FALSE
	EndGlobalSection
	GlobalSection(ExtensibilityGlobals) = postSolution
		SolutionGuid = {E2EBE31B-FE12-442C-9C68-F3B911384F33}
	EndGlobalSection
EndGlobal
